// !$*UTF8*$!
{
	archiveVersion = 1;
	classes = {
	};
	objectVersion = 46;
	objects = {

/* Begin PBXBuildFile section */
		7E34F08913F58D4900F35FB1 /* UIKit.framework in Frameworks */ = {isa = PBXBuildFile; fileRef = 7E34F08813F58D4900F35FB1 /* UIKit.framework */; };
		7E34F08B13F58D4900F35FB1 /* Foundation.framework in Frameworks */ = {isa = PBXBuildFile; fileRef = 7E34F08A13F58D4900F35FB1 /* Foundation.framework */; };
		7E34F08D13F58D4900F35FB1 /* CoreData.framework in Frameworks */ = {isa = PBXBuildFile; fileRef = 7E34F08C13F58D4900F35FB1 /* CoreData.framework */; };
		7E34F09313F58D4900F35FB1 /* InfoPlist.strings in Resources */ = {isa = PBXBuildFile; fileRef = 7E34F09113F58D4900F35FB1 /* InfoPlist.strings */; };
		7E34F09513F58D4900F35FB1 /* main.m in Sources */ = {isa = PBXBuildFile; fileRef = 7E34F09413F58D4900F35FB1 /* main.m */; };
		7E34F09913F58D4900F35FB1 /* AppDelegate.m in Sources */ = {isa = PBXBuildFile; fileRef = 7E34F09813F58D4900F35FB1 /* AppDelegate.m */; };
		7E34F09C13F58D4900F35FB1 /* CoreDataPlaces.xcdatamodeld in Sources */ = {isa = PBXBuildFile; fileRef = 7E34F09A13F58D4900F35FB1 /* CoreDataPlaces.xcdatamodeld */; };
		7E34F0A413F58D4900F35FB1 /* SenTestingKit.framework in Frameworks */ = {isa = PBXBuildFile; fileRef = 7E34F0A313F58D4900F35FB1 /* SenTestingKit.framework */; };
		7E34F0A513F58D4900F35FB1 /* UIKit.framework in Frameworks */ = {isa = PBXBuildFile; fileRef = 7E34F08813F58D4900F35FB1 /* UIKit.framework */; };
		7E34F0A613F58D4900F35FB1 /* Foundation.framework in Frameworks */ = {isa = PBXBuildFile; fileRef = 7E34F08A13F58D4900F35FB1 /* Foundation.framework */; };
		7E34F0A713F58D4900F35FB1 /* CoreData.framework in Frameworks */ = {isa = PBXBuildFile; fileRef = 7E34F08C13F58D4900F35FB1 /* CoreData.framework */; };
		7E34F0AF13F58D4900F35FB1 /* InfoPlist.strings in Resources */ = {isa = PBXBuildFile; fileRef = 7E34F0AD13F58D4900F35FB1 /* InfoPlist.strings */; };
		7E34F0B213F58D4900F35FB1 /* CoreDataPlacesTests.m in Sources */ = {isa = PBXBuildFile; fileRef = 7E34F0B113F58D4900F35FB1 /* CoreDataPlacesTests.m */; };
		7E34F0CC13F58F2F00F35FB1 /* FlickrFetcher.m in Sources */ = {isa = PBXBuildFile; fileRef = 7E34F0BD13F58F2F00F35FB1 /* FlickrFetcher.m */; };
		7E34F0CD13F58F2F00F35FB1 /* NSObject+SBJSON.m in Sources */ = {isa = PBXBuildFile; fileRef = 7E34F0C113F58F2F00F35FB1 /* NSObject+SBJSON.m */; };
		7E34F0CE13F58F2F00F35FB1 /* NSString+SBJSON.m in Sources */ = {isa = PBXBuildFile; fileRef = 7E34F0C313F58F2F00F35FB1 /* NSString+SBJSON.m */; };
		7E34F0CF13F58F2F00F35FB1 /* SBJSON.m in Sources */ = {isa = PBXBuildFile; fileRef = 7E34F0C513F58F2F00F35FB1 /* SBJSON.m */; };
		7E34F0D013F58F2F00F35FB1 /* SBJsonBase.m in Sources */ = {isa = PBXBuildFile; fileRef = 7E34F0C713F58F2F00F35FB1 /* SBJsonBase.m */; };
		7E34F0D113F58F2F00F35FB1 /* SBJsonParser.m in Sources */ = {isa = PBXBuildFile; fileRef = 7E34F0C913F58F2F00F35FB1 /* SBJsonParser.m */; };
		7E34F0D213F58F2F00F35FB1 /* SBJsonWriter.m in Sources */ = {isa = PBXBuildFile; fileRef = 7E34F0CB13F58F2F00F35FB1 /* SBJsonWriter.m */; };
		7E34F0D513F5901100F35FB1 /* CoreDataTableViewController.m in Sources */ = {isa = PBXBuildFile; fileRef = 7E34F0D413F5901100F35FB1 /* CoreDataTableViewController.m */; };
		7E34F0DC13F5946E00F35FB1 /* TopPlacesViewController.m in Sources */ = {isa = PBXBuildFile; fileRef = 7E34F0DB13F5946E00F35FB1 /* TopPlacesViewController.m */; };
		7E34F0DF13F594B300F35FB1 /* FlickrTopPlaces.m in Sources */ = {isa = PBXBuildFile; fileRef = 7E34F0DE13F594B300F35FB1 /* FlickrTopPlaces.m */; };
		7E34F0E213F59B3F00F35FB1 /* FlickrPhotos.m in Sources */ = {isa = PBXBuildFile; fileRef = 7E34F0E113F59B3F00F35FB1 /* FlickrPhotos.m */; };
		7E34F0E513F5A14200F35FB1 /* FlickrPhotosTableViewController.m in Sources */ = {isa = PBXBuildFile; fileRef = 7E34F0E413F5A14200F35FB1 /* FlickrPhotosTableViewController.m */; };
		7EC6551E13F5BD8E0090F785 /* FlickrPhotos+Photo.m in Sources */ = {isa = PBXBuildFile; fileRef = 7EC6551D13F5BD8E0090F785 /* FlickrPhotos+Photo.m */; };
		7EC6552713F5C6D20090F785 /* FlickrTopPlaces+Place.m in Sources */ = {isa = PBXBuildFile; fileRef = 7EC6552613F5C6D10090F785 /* FlickrTopPlaces+Place.m */; };
		7EC6552A13F69E640090F785 /* PhotoViewController.m in Sources */ = {isa = PBXBuildFile; fileRef = 7EC6552913F69E640090F785 /* PhotoViewController.m */; };
		7EC6552D13F6A02D0090F785 /* Photo+FlickrFetcher.m in Sources */ = {isa = PBXBuildFile; fileRef = 7EC6552C13F6A02D0090F785 /* Photo+FlickrFetcher.m */; };
		7EC6553013F6AE580090F785 /* PhotosTableViewController.m in Sources */ = {isa = PBXBuildFile; fileRef = 7EC6552F13F6AE580090F785 /* PhotosTableViewController.m */; };
		7ECCB7741400842F0009ECC6 /* Photo.m in Sources */ = {isa = PBXBuildFile; fileRef = 7ECCB7731400842F0009ECC6 /* Photo.m */; };
		7ECCB776140139190009ECC6 /* spacer.png in Resources */ = {isa = PBXBuildFile; fileRef = 7ECCB775140139190009ECC6 /* spacer.png */; };
		7ECCB77914015B020009ECC6 /* TableViewActivityCell.m in Sources */ = {isa = PBXBuildFile; fileRef = 7ECCB77814015B010009ECC6 /* TableViewActivityCell.m */; };
		7ED8CC0413F7F71E00CFAD9C /* FavoritePlacesTableViewController.m in Sources */ = {isa = PBXBuildFile; fileRef = 7ED8CC0313F7F71E00CFAD9C /* FavoritePlacesTableViewController.m */; };
		7ED8CC0713F7F84000CFAD9C /* Place.m in Sources */ = {isa = PBXBuildFile; fileRef = 7ED8CC0613F7F83E00CFAD9C /* Place.m */; };
		7ED8CC0D13F810D700CFAD9C /* Photo+Cache.m in Sources */ = {isa = PBXBuildFile; fileRef = 7ED8CC0C13F810D700CFAD9C /* Photo+Cache.m */; };
/* End PBXBuildFile section */

/* Begin PBXContainerItemProxy section */
		7E34F0A813F58D4900F35FB1 /* PBXContainerItemProxy */ = {
			isa = PBXContainerItemProxy;
			containerPortal = 7E34F07B13F58D4900F35FB1 /* Project object */;
			proxyType = 1;
			remoteGlobalIDString = 7E34F08313F58D4900F35FB1;
			remoteInfo = CoreDataPlaces;
		};
/* End PBXContainerItemProxy section */

/* Begin PBXFileReference section */
		7E34F08413F58D4900F35FB1 /* CoreDataPlaces.app */ = {isa = PBXFileReference; explicitFileType = wrapper.application; includeInIndex = 0; path = CoreDataPlaces.app; sourceTree = BUILT_PRODUCTS_DIR; };
		7E34F08813F58D4900F35FB1 /* UIKit.framework */ = {isa = PBXFileReference; lastKnownFileType = wrapper.framework; name = UIKit.framework; path = System/Library/Frameworks/UIKit.framework; sourceTree = SDKROOT; };
		7E34F08A13F58D4900F35FB1 /* Foundation.framework */ = {isa = PBXFileReference; lastKnownFileType = wrapper.framework; name = Foundation.framework; path = System/Library/Frameworks/Foundation.framework; sourceTree = SDKROOT; };
		7E34F08C13F58D4900F35FB1 /* CoreData.framework */ = {isa = PBXFileReference; lastKnownFileType = wrapper.framework; name = CoreData.framework; path = System/Library/Frameworks/CoreData.framework; sourceTree = SDKROOT; };
		7E34F09013F58D4900F35FB1 /* CoreDataPlaces-Info.plist */ = {isa = PBXFileReference; lastKnownFileType = text.plist.xml; path = "CoreDataPlaces-Info.plist"; sourceTree = "<group>"; };
		7E34F09213F58D4900F35FB1 /* en */ = {isa = PBXFileReference; lastKnownFileType = text.plist.strings; name = en; path = en.lproj/InfoPlist.strings; sourceTree = "<group>"; };
		7E34F09413F58D4900F35FB1 /* main.m */ = {isa = PBXFileReference; lastKnownFileType = sourcecode.c.objc; path = main.m; sourceTree = "<group>"; };
		7E34F09613F58D4900F35FB1 /* CoreDataPlaces-Prefix.pch */ = {isa = PBXFileReference; lastKnownFileType = sourcecode.c.h; path = "CoreDataPlaces-Prefix.pch"; sourceTree = "<group>"; };
		7E34F09713F58D4900F35FB1 /* AppDelegate.h */ = {isa = PBXFileReference; lastKnownFileType = sourcecode.c.h; path = AppDelegate.h; sourceTree = "<group>"; };
		7E34F09813F58D4900F35FB1 /* AppDelegate.m */ = {isa = PBXFileReference; lastKnownFileType = sourcecode.c.objc; path = AppDelegate.m; sourceTree = "<group>"; };
		7E34F09B13F58D4900F35FB1 /* CoreDataPlaces.xcdatamodel */ = {isa = PBXFileReference; lastKnownFileType = wrapper.xcdatamodel; path = CoreDataPlaces.xcdatamodel; sourceTree = "<group>"; };
		7E34F0A213F58D4900F35FB1 /* CoreDataPlacesTests.octest */ = {isa = PBXFileReference; explicitFileType = wrapper.cfbundle; includeInIndex = 0; path = CoreDataPlacesTests.octest; sourceTree = BUILT_PRODUCTS_DIR; };
		7E34F0A313F58D4900F35FB1 /* SenTestingKit.framework */ = {isa = PBXFileReference; lastKnownFileType = wrapper.framework; name = SenTestingKit.framework; path = Library/Frameworks/SenTestingKit.framework; sourceTree = DEVELOPER_DIR; };
		7E34F0AC13F58D4900F35FB1 /* CoreDataPlacesTests-Info.plist */ = {isa = PBXFileReference; lastKnownFileType = text.plist.xml; path = "CoreDataPlacesTests-Info.plist"; sourceTree = "<group>"; };
		7E34F0AE13F58D4900F35FB1 /* en */ = {isa = PBXFileReference; lastKnownFileType = text.plist.strings; name = en; path = en.lproj/InfoPlist.strings; sourceTree = "<group>"; };
		7E34F0B013F58D4900F35FB1 /* CoreDataPlacesTests.h */ = {isa = PBXFileReference; lastKnownFileType = sourcecode.c.h; path = CoreDataPlacesTests.h; sourceTree = "<group>"; };
		7E34F0B113F58D4900F35FB1 /* CoreDataPlacesTests.m */ = {isa = PBXFileReference; lastKnownFileType = sourcecode.c.objc; path = CoreDataPlacesTests.m; sourceTree = "<group>"; };
		7E34F0BB13F58F2F00F35FB1 /* FlickrAPIKey.h */ = {isa = PBXFileReference; fileEncoding = 4; lastKnownFileType = sourcecode.c.h; path = FlickrAPIKey.h; sourceTree = "<group>"; };
		7E34F0BC13F58F2F00F35FB1 /* FlickrFetcher.h */ = {isa = PBXFileReference; fileEncoding = 4; lastKnownFileType = sourcecode.c.h; path = FlickrFetcher.h; sourceTree = "<group>"; };
		7E34F0BD13F58F2F00F35FB1 /* FlickrFetcher.m */ = {isa = PBXFileReference; fileEncoding = 4; lastKnownFileType = sourcecode.c.objc; path = FlickrFetcher.m; sourceTree = "<group>"; };
		7E34F0BF13F58F2F00F35FB1 /* JSON.h */ = {isa = PBXFileReference; fileEncoding = 4; lastKnownFileType = sourcecode.c.h; path = JSON.h; sourceTree = "<group>"; };
		7E34F0C013F58F2F00F35FB1 /* NSObject+SBJSON.h */ = {isa = PBXFileReference; fileEncoding = 4; lastKnownFileType = sourcecode.c.h; path = "NSObject+SBJSON.h"; sourceTree = "<group>"; };
		7E34F0C113F58F2F00F35FB1 /* NSObject+SBJSON.m */ = {isa = PBXFileReference; fileEncoding = 4; lastKnownFileType = sourcecode.c.objc; path = "NSObject+SBJSON.m"; sourceTree = "<group>"; };
		7E34F0C213F58F2F00F35FB1 /* NSString+SBJSON.h */ = {isa = PBXFileReference; fileEncoding = 4; lastKnownFileType = sourcecode.c.h; path = "NSString+SBJSON.h"; sourceTree = "<group>"; };
		7E34F0C313F58F2F00F35FB1 /* NSString+SBJSON.m */ = {isa = PBXFileReference; fileEncoding = 4; lastKnownFileType = sourcecode.c.objc; path = "NSString+SBJSON.m"; sourceTree = "<group>"; };
		7E34F0C413F58F2F00F35FB1 /* SBJSON.h */ = {isa = PBXFileReference; fileEncoding = 4; lastKnownFileType = sourcecode.c.h; path = SBJSON.h; sourceTree = "<group>"; };
		7E34F0C513F58F2F00F35FB1 /* SBJSON.m */ = {isa = PBXFileReference; fileEncoding = 4; lastKnownFileType = sourcecode.c.objc; path = SBJSON.m; sourceTree = "<group>"; };
		7E34F0C613F58F2F00F35FB1 /* SBJsonBase.h */ = {isa = PBXFileReference; fileEncoding = 4; lastKnownFileType = sourcecode.c.h; path = SBJsonBase.h; sourceTree = "<group>"; };
		7E34F0C713F58F2F00F35FB1 /* SBJsonBase.m */ = {isa = PBXFileReference; fileEncoding = 4; lastKnownFileType = sourcecode.c.objc; path = SBJsonBase.m; sourceTree = "<group>"; };
		7E34F0C813F58F2F00F35FB1 /* SBJsonParser.h */ = {isa = PBXFileReference; fileEncoding = 4; lastKnownFileType = sourcecode.c.h; path = SBJsonParser.h; sourceTree = "<group>"; };
		7E34F0C913F58F2F00F35FB1 /* SBJsonParser.m */ = {isa = PBXFileReference; fileEncoding = 4; lastKnownFileType = sourcecode.c.objc; path = SBJsonParser.m; sourceTree = "<group>"; };
		7E34F0CA13F58F2F00F35FB1 /* SBJsonWriter.h */ = {isa = PBXFileReference; fileEncoding = 4; lastKnownFileType = sourcecode.c.h; path = SBJsonWriter.h; sourceTree = "<group>"; };
		7E34F0CB13F58F2F00F35FB1 /* SBJsonWriter.m */ = {isa = PBXFileReference; fileEncoding = 4; lastKnownFileType = sourcecode.c.objc; path = SBJsonWriter.m; sourceTree = "<group>"; };
		7E34F0D313F5901100F35FB1 /* CoreDataTableViewController.h */ = {isa = PBXFileReference; fileEncoding = 4; lastKnownFileType = sourcecode.c.h; path = CoreDataTableViewController.h; sourceTree = "<group>"; };
		7E34F0D413F5901100F35FB1 /* CoreDataTableViewController.m */ = {isa = PBXFileReference; fileEncoding = 4; lastKnownFileType = sourcecode.c.objc; path = CoreDataTableViewController.m; sourceTree = "<group>"; };
		7E34F0DA13F5946E00F35FB1 /* TopPlacesViewController.h */ = {isa = PBXFileReference; fileEncoding = 4; lastKnownFileType = sourcecode.c.h; path = TopPlacesViewController.h; sourceTree = "<group>"; };
		7E34F0DB13F5946E00F35FB1 /* TopPlacesViewController.m */ = {isa = PBXFileReference; fileEncoding = 4; lastKnownFileType = sourcecode.c.objc; path = TopPlacesViewController.m; sourceTree = "<group>"; };
		7E34F0DD13F594B300F35FB1 /* FlickrTopPlaces.h */ = {isa = PBXFileReference; fileEncoding = 4; lastKnownFileType = sourcecode.c.h; path = FlickrTopPlaces.h; sourceTree = "<group>"; };
		7E34F0DE13F594B300F35FB1 /* FlickrTopPlaces.m */ = {isa = PBXFileReference; fileEncoding = 4; lastKnownFileType = sourcecode.c.objc; path = FlickrTopPlaces.m; sourceTree = "<group>"; };
		7E34F0E013F59B3F00F35FB1 /* FlickrPhotos.h */ = {isa = PBXFileReference; fileEncoding = 4; lastKnownFileType = sourcecode.c.h; path = FlickrPhotos.h; sourceTree = "<group>"; };
		7E34F0E113F59B3F00F35FB1 /* FlickrPhotos.m */ = {isa = PBXFileReference; fileEncoding = 4; lastKnownFileType = sourcecode.c.objc; path = FlickrPhotos.m; sourceTree = "<group>"; };
		7E34F0E313F5A14200F35FB1 /* FlickrPhotosTableViewController.h */ = {isa = PBXFileReference; fileEncoding = 4; lastKnownFileType = sourcecode.c.h; path = FlickrPhotosTableViewController.h; sourceTree = "<group>"; };
		7E34F0E413F5A14200F35FB1 /* FlickrPhotosTableViewController.m */ = {isa = PBXFileReference; fileEncoding = 4; lastKnownFileType = sourcecode.c.objc; path = FlickrPhotosTableViewController.m; sourceTree = "<group>"; };
		7EC6551C13F5BD8E0090F785 /* FlickrPhotos+Photo.h */ = {isa = PBXFileReference; fileEncoding = 4; lastKnownFileType = sourcecode.c.h; path = "FlickrPhotos+Photo.h"; sourceTree = "<group>"; };
		7EC6551D13F5BD8E0090F785 /* FlickrPhotos+Photo.m */ = {isa = PBXFileReference; fileEncoding = 4; lastKnownFileType = sourcecode.c.objc; path = "FlickrPhotos+Photo.m"; sourceTree = "<group>"; };
		7EC6552513F5C6D10090F785 /* FlickrTopPlaces+Place.h */ = {isa = PBXFileReference; fileEncoding = 4; lastKnownFileType = sourcecode.c.h; path = "FlickrTopPlaces+Place.h"; sourceTree = "<group>"; };
		7EC6552613F5C6D10090F785 /* FlickrTopPlaces+Place.m */ = {isa = PBXFileReference; fileEncoding = 4; lastKnownFileType = sourcecode.c.objc; path = "FlickrTopPlaces+Place.m"; sourceTree = "<group>"; };
		7EC6552813F69E640090F785 /* PhotoViewController.h */ = {isa = PBXFileReference; fileEncoding = 4; lastKnownFileType = sourcecode.c.h; path = PhotoViewController.h; sourceTree = "<group>"; };
		7EC6552913F69E640090F785 /* PhotoViewController.m */ = {isa = PBXFileReference; fileEncoding = 4; lastKnownFileType = sourcecode.c.objc; path = PhotoViewController.m; sourceTree = "<group>"; };
		7EC6552B13F6A02D0090F785 /* Photo+FlickrFetcher.h */ = {isa = PBXFileReference; fileEncoding = 4; lastKnownFileType = sourcecode.c.h; path = "Photo+FlickrFetcher.h"; sourceTree = "<group>"; };
		7EC6552C13F6A02D0090F785 /* Photo+FlickrFetcher.m */ = {isa = PBXFileReference; fileEncoding = 4; lastKnownFileType = sourcecode.c.objc; path = "Photo+FlickrFetcher.m"; sourceTree = "<group>"; };
		7EC6552E13F6AE570090F785 /* PhotosTableViewController.h */ = {isa = PBXFileReference; fileEncoding = 4; lastKnownFileType = sourcecode.c.h; path = PhotosTableViewController.h; sourceTree = "<group>"; };
		7EC6552F13F6AE580090F785 /* PhotosTableViewController.m */ = {isa = PBXFileReference; fileEncoding = 4; lastKnownFileType = sourcecode.c.objc; path = PhotosTableViewController.m; sourceTree = "<group>"; };
		7ECCB7721400842F0009ECC6 /* Photo.h */ = {isa = PBXFileReference; fileEncoding = 4; lastKnownFileType = sourcecode.c.h; path = Photo.h; sourceTree = "<group>"; };
		7ECCB7731400842F0009ECC6 /* Photo.m */ = {isa = PBXFileReference; fileEncoding = 4; lastKnownFileType = sourcecode.c.objc; path = Photo.m; sourceTree = "<group>"; };
		7ECCB775140139190009ECC6 /* spacer.png */ = {isa = PBXFileReference; lastKnownFileType = image.png; path = spacer.png; sourceTree = "<group>"; };
		7ECCB77714015B000009ECC6 /* TableViewActivityCell.h */ = {isa = PBXFileReference; fileEncoding = 4; lastKnownFileType = sourcecode.c.h; path = TableViewActivityCell.h; sourceTree = "<group>"; };
		7ECCB77814015B010009ECC6 /* TableViewActivityCell.m */ = {isa = PBXFileReference; fileEncoding = 4; lastKnownFileType = sourcecode.c.objc; path = TableViewActivityCell.m; sourceTree = "<group>"; };
		7ED8CC0213F7F71D00CFAD9C /* FavoritePlacesTableViewController.h */ = {isa = PBXFileReference; fileEncoding = 4; lastKnownFileType = sourcecode.c.h; path = FavoritePlacesTableViewController.h; sourceTree = "<group>"; };
		7ED8CC0313F7F71E00CFAD9C /* FavoritePlacesTableViewController.m */ = {isa = PBXFileReference; fileEncoding = 4; lastKnownFileType = sourcecode.c.objc; path = FavoritePlacesTableViewController.m; sourceTree = "<group>"; };
		7ED8CC0513F7F83D00CFAD9C /* Place.h */ = {isa = PBXFileReference; fileEncoding = 4; lastKnownFileType = sourcecode.c.h; path = Place.h; sourceTree = "<group>"; };
		7ED8CC0613F7F83E00CFAD9C /* Place.m */ = {isa = PBXFileReference; fileEncoding = 4; lastKnownFileType = sourcecode.c.objc; path = Place.m; sourceTree = "<group>"; };
		7ED8CC0B13F810D700CFAD9C /* Photo+Cache.h */ = {isa = PBXFileReference; fileEncoding = 4; lastKnownFileType = sourcecode.c.h; path = "Photo+Cache.h"; sourceTree = "<group>"; };
		7ED8CC0C13F810D700CFAD9C /* Photo+Cache.m */ = {isa = PBXFileReference; fileEncoding = 4; lastKnownFileType = sourcecode.c.objc; path = "Photo+Cache.m"; sourceTree = "<group>"; };
/* End PBXFileReference section */

/* Begin PBXFrameworksBuildPhase section */
		7E34F08113F58D4900F35FB1 /* Frameworks */ = {
			isa = PBXFrameworksBuildPhase;
			buildActionMask = 2147483647;
			files = (
				7E34F08913F58D4900F35FB1 /* UIKit.framework in Frameworks */,
				7E34F08B13F58D4900F35FB1 /* Foundation.framework in Frameworks */,
				7E34F08D13F58D4900F35FB1 /* CoreData.framework in Frameworks */,
			);
			runOnlyForDeploymentPostprocessing = 0;
		};
		7E34F09E13F58D4900F35FB1 /* Frameworks */ = {
			isa = PBXFrameworksBuildPhase;
			buildActionMask = 2147483647;
			files = (
				7E34F0A413F58D4900F35FB1 /* SenTestingKit.framework in Frameworks */,
				7E34F0A513F58D4900F35FB1 /* UIKit.framework in Frameworks */,
				7E34F0A613F58D4900F35FB1 /* Foundation.framework in Frameworks */,
				7E34F0A713F58D4900F35FB1 /* CoreData.framework in Frameworks */,
			);
			runOnlyForDeploymentPostprocessing = 0;
		};
/* End PBXFrameworksBuildPhase section */

/* Begin PBXGroup section */
		7E34F07913F58D4900F35FB1 = {
			isa = PBXGroup;
			children = (
				7E34F08E13F58D4900F35FB1 /* CoreDataPlaces */,
				7E34F0AA13F58D4900F35FB1 /* CoreDataPlacesTests */,
				7E34F08713F58D4900F35FB1 /* Frameworks */,
				7E34F08513F58D4900F35FB1 /* Products */,
			);
			sourceTree = "<group>";
		};
		7E34F08513F58D4900F35FB1 /* Products */ = {
			isa = PBXGroup;
			children = (
				7E34F08413F58D4900F35FB1 /* CoreDataPlaces.app */,
				7E34F0A213F58D4900F35FB1 /* CoreDataPlacesTests.octest */,
			);
			name = Products;
			sourceTree = "<group>";
		};
		7E34F08713F58D4900F35FB1 /* Frameworks */ = {
			isa = PBXGroup;
			children = (
				7E34F08813F58D4900F35FB1 /* UIKit.framework */,
				7E34F08A13F58D4900F35FB1 /* Foundation.framework */,
				7E34F08C13F58D4900F35FB1 /* CoreData.framework */,
				7E34F0A313F58D4900F35FB1 /* SenTestingKit.framework */,
			);
			name = Frameworks;
			sourceTree = "<group>";
		};
		7E34F08E13F58D4900F35FB1 /* CoreDataPlaces */ = {
			isa = PBXGroup;
			children = (
				7E34F09713F58D4900F35FB1 /* AppDelegate.h */,
				7E34F09813F58D4900F35FB1 /* AppDelegate.m */,
				7E34F09A13F58D4900F35FB1 /* CoreDataPlaces.xcdatamodeld */,
				7ED8CC0513F7F83D00CFAD9C /* Place.h */,
				7ED8CC0613F7F83E00CFAD9C /* Place.m */,
				7ECCB7721400842F0009ECC6 /* Photo.h */,
				7ECCB7731400842F0009ECC6 /* Photo.m */,
				7ED8CC0B13F810D700CFAD9C /* Photo+Cache.h */,
				7ED8CC0C13F810D700CFAD9C /* Photo+Cache.m */,
				7EC6552B13F6A02D0090F785 /* Photo+FlickrFetcher.h */,
				7EC6552C13F6A02D0090F785 /* Photo+FlickrFetcher.m */,
				7E34F0DD13F594B300F35FB1 /* FlickrTopPlaces.h */,
				7E34F0DE13F594B300F35FB1 /* FlickrTopPlaces.m */,
				7EC6552513F5C6D10090F785 /* FlickrTopPlaces+Place.h */,
				7EC6552613F5C6D10090F785 /* FlickrTopPlaces+Place.m */,
				7E34F0E013F59B3F00F35FB1 /* FlickrPhotos.h */,
				7E34F0E113F59B3F00F35FB1 /* FlickrPhotos.m */,
				7EC6551C13F5BD8E0090F785 /* FlickrPhotos+Photo.h */,
				7EC6551D13F5BD8E0090F785 /* FlickrPhotos+Photo.m */,
				7EC6552E13F6AE570090F785 /* PhotosTableViewController.h */,
				7EC6552F13F6AE580090F785 /* PhotosTableViewController.m */,
				7ED8CC0213F7F71D00CFAD9C /* FavoritePlacesTableViewController.h */,
				7ED8CC0313F7F71E00CFAD9C /* FavoritePlacesTableViewController.m */,
				7E34F0E313F5A14200F35FB1 /* FlickrPhotosTableViewController.h */,
				7E34F0E413F5A14200F35FB1 /* FlickrPhotosTableViewController.m */,
				7E34F0DA13F5946E00F35FB1 /* TopPlacesViewController.h */,
				7E34F0DB13F5946E00F35FB1 /* TopPlacesViewController.m */,
				7EC6552813F69E640090F785 /* PhotoViewController.h */,
				7EC6552913F69E640090F785 /* PhotoViewController.m */,
				7ECCB77714015B000009ECC6 /* TableViewActivityCell.h */,
				7ECCB77814015B010009ECC6 /* TableViewActivityCell.m */,
				7E34F08F13F58D4900F35FB1 /* Supporting Files */,
			);
			path = CoreDataPlaces;
			sourceTree = "<group>";
		};
		7E34F08F13F58D4900F35FB1 /* Supporting Files */ = {
			isa = PBXGroup;
			children = (
				7ECCB775140139190009ECC6 /* spacer.png */,
				7E34F0D313F5901100F35FB1 /* CoreDataTableViewController.h */,
				7E34F0D413F5901100F35FB1 /* CoreDataTableViewController.m */,
				7E34F0BB13F58F2F00F35FB1 /* FlickrAPIKey.h */,
				7E34F0BC13F58F2F00F35FB1 /* FlickrFetcher.h */,
				7E34F0BD13F58F2F00F35FB1 /* FlickrFetcher.m */,
				7E34F0BE13F58F2F00F35FB1 /* JSON */,
				7E34F09013F58D4900F35FB1 /* CoreDataPlaces-Info.plist */,
				7E34F09113F58D4900F35FB1 /* InfoPlist.strings */,
				7E34F09413F58D4900F35FB1 /* main.m */,
				7E34F09613F58D4900F35FB1 /* CoreDataPlaces-Prefix.pch */,
			);
			name = "Supporting Files";
			sourceTree = "<group>";
		};
		7E34F0AA13F58D4900F35FB1 /* CoreDataPlacesTests */ = {
			isa = PBXGroup;
			children = (
				7E34F0B013F58D4900F35FB1 /* CoreDataPlacesTests.h */,
				7E34F0B113F58D4900F35FB1 /* CoreDataPlacesTests.m */,
				7E34F0AB13F58D4900F35FB1 /* Supporting Files */,
			);
			path = CoreDataPlacesTests;
			sourceTree = "<group>";
		};
		7E34F0AB13F58D4900F35FB1 /* Supporting Files */ = {
			isa = PBXGroup;
			children = (
				7E34F0AC13F58D4900F35FB1 /* CoreDataPlacesTests-Info.plist */,
				7E34F0AD13F58D4900F35FB1 /* InfoPlist.strings */,
			);
			name = "Supporting Files";
			sourceTree = "<group>";
		};
		7E34F0BE13F58F2F00F35FB1 /* JSON */ = {
			isa = PBXGroup;
			children = (
				7E34F0BF13F58F2F00F35FB1 /* JSON.h */,
				7E34F0C013F58F2F00F35FB1 /* NSObject+SBJSON.h */,
				7E34F0C113F58F2F00F35FB1 /* NSObject+SBJSON.m */,
				7E34F0C213F58F2F00F35FB1 /* NSString+SBJSON.h */,
				7E34F0C313F58F2F00F35FB1 /* NSString+SBJSON.m */,
				7E34F0C413F58F2F00F35FB1 /* SBJSON.h */,
				7E34F0C513F58F2F00F35FB1 /* SBJSON.m */,
				7E34F0C613F58F2F00F35FB1 /* SBJsonBase.h */,
				7E34F0C713F58F2F00F35FB1 /* SBJsonBase.m */,
				7E34F0C813F58F2F00F35FB1 /* SBJsonParser.h */,
				7E34F0C913F58F2F00F35FB1 /* SBJsonParser.m */,
				7E34F0CA13F58F2F00F35FB1 /* SBJsonWriter.h */,
				7E34F0CB13F58F2F00F35FB1 /* SBJsonWriter.m */,
			);
			path = JSON;
			sourceTree = "<group>";
		};
/* End PBXGroup section */

/* Begin PBXNativeTarget section */
		7E34F08313F58D4900F35FB1 /* CoreDataPlaces */ = {
			isa = PBXNativeTarget;
			buildConfigurationList = 7E34F0B513F58D4900F35FB1 /* Build configuration list for PBXNativeTarget "CoreDataPlaces" */;
			buildPhases = (
				7E34F08013F58D4900F35FB1 /* Sources */,
				7E34F08113F58D4900F35FB1 /* Frameworks */,
				7E34F08213F58D4900F35FB1 /* Resources */,
			);
			buildRules = (
			);
			dependencies = (
			);
			name = CoreDataPlaces;
			productName = CoreDataPlaces;
			productReference = 7E34F08413F58D4900F35FB1 /* CoreDataPlaces.app */;
			productType = "com.apple.product-type.application";
		};
		7E34F0A113F58D4900F35FB1 /* CoreDataPlacesTests */ = {
			isa = PBXNativeTarget;
			buildConfigurationList = 7E34F0B813F58D4900F35FB1 /* Build configuration list for PBXNativeTarget "CoreDataPlacesTests" */;
			buildPhases = (
				7E34F09D13F58D4900F35FB1 /* Sources */,
				7E34F09E13F58D4900F35FB1 /* Frameworks */,
				7E34F09F13F58D4900F35FB1 /* Resources */,
				7E34F0A013F58D4900F35FB1 /* ShellScript */,
			);
			buildRules = (
			);
			dependencies = (
				7E34F0A913F58D4900F35FB1 /* PBXTargetDependency */,
			);
			name = CoreDataPlacesTests;
			productName = CoreDataPlacesTests;
			productReference = 7E34F0A213F58D4900F35FB1 /* CoreDataPlacesTests.octest */;
			productType = "com.apple.product-type.bundle";
		};
/* End PBXNativeTarget section */

/* Begin PBXProject section */
		7E34F07B13F58D4900F35FB1 /* Project object */ = {
			isa = PBXProject;
			attributes = {
				LastUpgradeCheck = 0420;
				ORGANIZATIONNAME = "Medplus, Inc";
			};
			buildConfigurationList = 7E34F07E13F58D4900F35FB1 /* Build configuration list for PBXProject "CoreDataPlaces" */;
			compatibilityVersion = "Xcode 3.2";
			developmentRegion = English;
			hasScannedForEncodings = 0;
			knownRegions = (
				en,
			);
			mainGroup = 7E34F07913F58D4900F35FB1;
			productRefGroup = 7E34F08513F58D4900F35FB1 /* Products */;
			projectDirPath = "";
			projectRoot = "";
			targets = (
				7E34F08313F58D4900F35FB1 /* CoreDataPlaces */,
				7E34F0A113F58D4900F35FB1 /* CoreDataPlacesTests */,
			);
		};
/* End PBXProject section */

/* Begin PBXResourcesBuildPhase section */
		7E34F08213F58D4900F35FB1 /* Resources */ = {
			isa = PBXResourcesBuildPhase;
			buildActionMask = 2147483647;
			files = (
				7E34F09313F58D4900F35FB1 /* InfoPlist.strings in Resources */,
				7ECCB776140139190009ECC6 /* spacer.png in Resources */,
			);
			runOnlyForDeploymentPostprocessing = 0;
		};
		7E34F09F13F58D4900F35FB1 /* Resources */ = {
			isa = PBXResourcesBuildPhase;
			buildActionMask = 2147483647;
			files = (
				7E34F0AF13F58D4900F35FB1 /* InfoPlist.strings in Resources */,
			);
			runOnlyForDeploymentPostprocessing = 0;
		};
/* End PBXResourcesBuildPhase section */

/* Begin PBXShellScriptBuildPhase section */
		7E34F0A013F58D4900F35FB1 /* ShellScript */ = {
			isa = PBXShellScriptBuildPhase;
			buildActionMask = 2147483647;
			files = (
			);
			inputPaths = (
			);
			outputPaths = (
			);
			runOnlyForDeploymentPostprocessing = 0;
			shellPath = /bin/sh;
			shellScript = "# Run the unit tests in this test bundle.\n\"${SYSTEM_DEVELOPER_DIR}/Tools/RunUnitTests\"\n";
		};
/* End PBXShellScriptBuildPhase section */

/* Begin PBXSourcesBuildPhase section */
		7E34F08013F58D4900F35FB1 /* Sources */ = {
			isa = PBXSourcesBuildPhase;
			buildActionMask = 2147483647;
			files = (
				7E34F09513F58D4900F35FB1 /* main.m in Sources */,
				7E34F09913F58D4900F35FB1 /* AppDelegate.m in Sources */,
				7E34F09C13F58D4900F35FB1 /* CoreDataPlaces.xcdatamodeld in Sources */,
				7E34F0CC13F58F2F00F35FB1 /* FlickrFetcher.m in Sources */,
				7E34F0CD13F58F2F00F35FB1 /* NSObject+SBJSON.m in Sources */,
				7E34F0CE13F58F2F00F35FB1 /* NSString+SBJSON.m in Sources */,
				7E34F0CF13F58F2F00F35FB1 /* SBJSON.m in Sources */,
				7E34F0D013F58F2F00F35FB1 /* SBJsonBase.m in Sources */,
				7E34F0D113F58F2F00F35FB1 /* SBJsonParser.m in Sources */,
				7E34F0D213F58F2F00F35FB1 /* SBJsonWriter.m in Sources */,
				7E34F0D513F5901100F35FB1 /* CoreDataTableViewController.m in Sources */,
				7E34F0DC13F5946E00F35FB1 /* TopPlacesViewController.m in Sources */,
				7E34F0DF13F594B300F35FB1 /* FlickrTopPlaces.m in Sources */,
				7E34F0E213F59B3F00F35FB1 /* FlickrPhotos.m in Sources */,
				7E34F0E513F5A14200F35FB1 /* FlickrPhotosTableViewController.m in Sources */,
				7EC6551E13F5BD8E0090F785 /* FlickrPhotos+Photo.m in Sources */,
				7EC6552713F5C6D20090F785 /* FlickrTopPlaces+Place.m in Sources */,
				7EC6552A13F69E640090F785 /* PhotoViewController.m in Sources */,
				7EC6552D13F6A02D0090F785 /* Photo+FlickrFetcher.m in Sources */,
				7EC6553013F6AE580090F785 /* PhotosTableViewController.m in Sources */,
				7ED8CC0413F7F71E00CFAD9C /* FavoritePlacesTableViewController.m in Sources */,
				7ED8CC0713F7F84000CFAD9C /* Place.m in Sources */,
				7ED8CC0D13F810D700CFAD9C /* Photo+Cache.m in Sources */,
				7ECCB7741400842F0009ECC6 /* Photo.m in Sources */,
				7ECCB77914015B020009ECC6 /* TableViewActivityCell.m in Sources */,
			);
			runOnlyForDeploymentPostprocessing = 0;
		};
		7E34F09D13F58D4900F35FB1 /* Sources */ = {
			isa = PBXSourcesBuildPhase;
			buildActionMask = 2147483647;
			files = (
				7E34F0B213F58D4900F35FB1 /* CoreDataPlacesTests.m in Sources */,
			);
			runOnlyForDeploymentPostprocessing = 0;
		};
/* End PBXSourcesBuildPhase section */

/* Begin PBXTargetDependency section */
		7E34F0A913F58D4900F35FB1 /* PBXTargetDependency */ = {
			isa = PBXTargetDependency;
			target = 7E34F08313F58D4900F35FB1 /* CoreDataPlaces */;
			targetProxy = 7E34F0A813F58D4900F35FB1 /* PBXContainerItemProxy */;
		};
/* End PBXTargetDependency section */

/* Begin PBXVariantGroup section */
		7E34F09113F58D4900F35FB1 /* InfoPlist.strings */ = {
			isa = PBXVariantGroup;
			children = (
				7E34F09213F58D4900F35FB1 /* en */,
			);
			name = InfoPlist.strings;
			sourceTree = "<group>";
		};
		7E34F0AD13F58D4900F35FB1 /* InfoPlist.strings */ = {
			isa = PBXVariantGroup;
			children = (
				7E34F0AE13F58D4900F35FB1 /* en */,
			);
			name = InfoPlist.strings;
			sourceTree = "<group>";
		};
/* End PBXVariantGroup section */

/* Begin XCBuildConfiguration section */
		7E34F0B313F58D4900F35FB1 /* Debug */ = {
			isa = XCBuildConfiguration;
			buildSettings = {
				ALWAYS_SEARCH_USER_PATHS = NO;
				ARCHS = "$(ARCHS_STANDARD_32_BIT)";
				CLANG_ENABLE_OBJC_ARC = YES;
				"CODE_SIGN_IDENTITY[sdk=iphoneos*]" = "iPhone Developer";
				COPY_PHASE_STRIP = NO;
				GCC_C_LANGUAGE_STANDARD = gnu99;
				GCC_DYNAMIC_NO_PIC = NO;
				GCC_OPTIMIZATION_LEVEL = 0;
				GCC_PREPROCESSOR_DEFINITIONS = (
					"DEBUG=1",
					"$(inherited)",
				);
				GCC_SYMBOLS_PRIVATE_EXTERN = NO;
				GCC_VERSION = com.apple.compilers.llvm.clang.1_0;
				GCC_WARN_ABOUT_MISSING_PROTOTYPES = YES;
				GCC_WARN_ABOUT_RETURN_TYPE = YES;
				GCC_WARN_UNUSED_VARIABLE = YES;
				IPHONEOS_DEPLOYMENT_TARGET = 4.3;
				SDKROOT = iphoneos;
				TARGETED_DEVICE_FAMILY = "1,2";
			};
			name = Debug;
		};
		7E34F0B413F58D4900F35FB1 /* Release */ = {
			isa = XCBuildConfiguration;
			buildSettings = {
				ALWAYS_SEARCH_USER_PATHS = NO;
				ARCHS = "$(ARCHS_STANDARD_32_BIT)";
				CLANG_ENABLE_OBJC_ARC = YES;
				"CODE_SIGN_IDENTITY[sdk=iphoneos*]" = "iPhone Developer";
				COPY_PHASE_STRIP = YES;
				GCC_C_LANGUAGE_STANDARD = gnu99;
				GCC_VERSION = com.apple.compilers.llvm.clang.1_0;
				GCC_WARN_ABOUT_MISSING_PROTOTYPES = YES;
				GCC_WARN_ABOUT_RETURN_TYPE = YES;
				GCC_WARN_UNUSED_VARIABLE = YES;
				IPHONEOS_DEPLOYMENT_TARGET = 4.3;
				OTHER_CFLAGS = "-DNS_BLOCK_ASSERTIONS=1";
				SDKROOT = iphoneos;
				TARGETED_DEVICE_FAMILY = "1,2";
				VALIDATE_PRODUCT = YES;
			};
			name = Release;
		};
		7E34F0B613F58D4900F35FB1 /* Debug */ = {
			isa = XCBuildConfiguration;
			buildSettings = {
				CLANG_ENABLE_OBJC_ARC = NO;
				GCC_PRECOMPILE_PREFIX_HEADER = YES;
				GCC_PREFIX_HEADER = "CoreDataPlaces/CoreDataPlaces-Prefix.pch";
				INFOPLIST_FILE = "CoreDataPlaces/CoreDataPlaces-Info.plist";
				PRODUCT_NAME = "$(TARGET_NAME)";
				WRAPPER_EXTENSION = app;
			};
			name = Debug;
		};
		7E34F0B713F58D4900F35FB1 /* Release */ = {
			isa = XCBuildConfiguration;
			buildSettings = {
				CLANG_ENABLE_OBJC_ARC = NO;
				GCC_PRECOMPILE_PREFIX_HEADER = YES;
				GCC_PREFIX_HEADER = "CoreDataPlaces/CoreDataPlaces-Prefix.pch";
				INFOPLIST_FILE = "CoreDataPlaces/CoreDataPlaces-Info.plist";
				PRODUCT_NAME = "$(TARGET_NAME)";
				WRAPPER_EXTENSION = app;
			};
			name = Release;
		};
		7E34F0B913F58D4900F35FB1 /* Debug */ = {
			isa = XCBuildConfiguration;
			buildSettings = {
				BUNDLE_LOADER = "$(BUILT_PRODUCTS_DIR)/CoreDataPlaces.app/CoreDataPlaces";
				CLANG_ENABLE_OBJC_ARC = NO;
				FRAMEWORK_SEARCH_PATHS = (
					"$(SDKROOT)/Developer/Library/Frameworks",
					"$(DEVELOPER_LIBRARY_DIR)/Frameworks",
				);
				GCC_PRECOMPILE_PREFIX_HEADER = YES;
				GCC_PREFIX_HEADER = "CoreDataPlaces/CoreDataPlaces-Prefix.pch";
				INFOPLIST_FILE = "CoreDataPlacesTests/CoreDataPlacesTests-Info.plist";
				PRODUCT_NAME = "$(TARGET_NAME)";
				TEST_HOST = "$(BUNDLE_LOADER)";
				WRAPPER_EXTENSION = octest;
			};
			name = Debug;
		};
		7E34F0BA13F58D4900F35FB1 /* Release */ = {
			isa = XCBuildConfiguration;
			buildSettings = {
				BUNDLE_LOADER = "$(BUILT_PRODUCTS_DIR)/CoreDataPlaces.app/CoreDataPlaces";
				CLANG_ENABLE_OBJC_ARC = NO;
				FRAMEWORK_SEARCH_PATHS = (
					"$(SDKROOT)/Developer/Library/Frameworks",
					"$(DEVELOPER_LIBRARY_DIR)/Frameworks",
				);
				GCC_PRECOMPILE_PREFIX_HEADER = YES;
				GCC_PREFIX_HEADER = "CoreDataPlaces/CoreDataPlaces-Prefix.pch";
				INFOPLIST_FILE = "CoreDataPlacesTests/CoreDataPlacesTests-Info.plist";
				PRODUCT_NAME = "$(TARGET_NAME)";
				TEST_HOST = "$(BUNDLE_LOADER)";
				WRAPPER_EXTENSION = octest;
			};
			name = Release;
		};
/* End XCBuildConfiguration section */

/* Begin XCConfigurationList section */
		7E34F07E13F58D4900F35FB1 /* Build configuration list for PBXProject "CoreDataPlaces" */ = {
			isa = XCConfigurationList;
			buildConfigurations = (
				7E34F0B313F58D4900F35FB1 /* Debug */,
				7E34F0B413F58D4900F35FB1 /* Release */,
			);
			defaultConfigurationIsVisible = 0;
			defaultConfigurationName = Release;
		};
		7E34F0B513F58D4900F35FB1 /* Build configuration list for PBXNativeTarget "CoreDataPlaces" */ = {
			isa = XCConfigurationList;
			buildConfigurations = (
				7E34F0B613F58D4900F35FB1 /* Debug */,
				7E34F0B713F58D4900F35FB1 /* Release */,
			);
			defaultConfigurationIsVisible = 0;
			defaultConfigurationName = Release;
		};
		7E34F0B813F58D4900F35FB1 /* Build configuration list for PBXNativeTarget "CoreDataPlacesTests" */ = {
			isa = XCConfigurationList;
			buildConfigurations = (
				7E34F0B913F58D4900F35FB1 /* Debug */,
				7E34F0BA13F58D4900F35FB1 /* Release */,
			);
			defaultConfigurationIsVisible = 0;
			defaultConfigurationName = Release;
		};
/* End XCConfigurationList section */

/* Begin XCVersionGroup section */
		7E34F09A13F58D4900F35FB1 /* CoreDataPlaces.xcdatamodeld */ = {
			isa = XCVersionGroup;
			children = (
				7E34F09B13F58D4900F35FB1 /* CoreDataPlaces.xcdatamodel */,
			);
			currentVersion = 7E34F09B13F58D4900F35FB1 /* CoreDataPlaces.xcdatamodel */;
			path = CoreDataPlaces.xcdatamodeld;
			sourceTree = "<group>";
			versionGroupType = wrapper.xcdatamodel;
		};
/* End XCVersionGroup section */
	};
	rootObject = 7E34F07B13F58D4900F35FB1 /* Project object */;
}
